
Microsoft Visual Studio Solution File, Format Version 12.00
# Visual Studio Version 16
VisualStudioVersion = 16.0.29411.108
MinimumVisualStudioVersion = 10.0.40219.1
Project("{FAE04EC0-301F-11D3-BF4B-00C04F79EFBC}") = "IMAP", "IMAP\IMAP.csproj", "{5E50488D-5AD5-4241-ACA6-A86E9AD47956}"
EndProject
Project("{FAE04EC0-301F-11D3-BF4B-00C04F79EFBC}") = "RicohMailService", "RicohMailService\RicohMailService.csproj", "{2F3A4A9D-72EB-495E-B055-C198744B452C}"
EndProject
Project("{FAE04EC0-301F-11D3-BF4B-00C04F79EFBC}") = "BD", "BD\BD.csproj", "{221B25EC-7536-4883-9F02-93DA90AB5B6B}"
EndProject
Global
	GlobalSection(SolutionConfigurationPlatforms) = preSolution
		Debug|Any CPU = Debug|Any CPU
		Release|Any CPU = Release|Any CPU
	EndGlobalSection
	GlobalSection(ProjectConfigurationPlatforms) = postSolution
		{5E50488D-5AD5-4241-ACA6-A86E9AD47956}.Debug|Any CPU.ActiveCfg = Debug|Any CPU
		{5E50488D-5AD5-4241-ACA6-A86E9AD47956}.Debug|Any CPU.Build.0 = Debug|Any CPU
		{5E50488D-5AD5-4241-ACA6-A86E9AD47956}.Release|Any CPU.ActiveCfg = Release|Any CPU
		{5E50488D-5AD5-4241-ACA6-A86E9AD47956}.Release|Any CPU.Build.0 = Release|Any CPU
		{2F3A4A9D-72EB-495E-B055-C198744B452C}.Debug|Any CPU.ActiveCfg = Debug|Any CPU
		{2F3A4A9D-72EB-495E-B055-C198744B452C}.Debug|Any CPU.Build.0 = Debug|Any CPU
		{2F3A4A9D-72EB-495E-B055-C198744B452C}.Release|Any CPU.ActiveCfg = Release|Any CPU
		{2F3A4A9D-72EB-495E-B055-C198744B452C}.Release|Any CPU.Build.0 = Release|Any CPU
		{221B25EC-7536-4883-9F02-93DA90AB5B6B}.Debug|Any CPU.ActiveCfg = Debug|Any CPU
		{221B25EC-7536-4883-9F02-93DA90AB5B6B}.Debug|Any CPU.Build.0 = Debug|Any CPU
		{221B25EC-7536-4883-9F02-93DA90AB5B6B}.Release|Any CPU.ActiveCfg = Release|Any CPU
		{221B25EC-7536-4883-9F02-93DA90AB5B6B}.Release|Any CPU.Build.0 = Release|Any CPU
	EndGlobalSection
	GlobalSection(SolutionProperties) = preSolution
		HideSolutionNode = FALSE
	EndGlobalSection
	GlobalSection(ExtensibilityGlobals) = postSolution
		SolutionGuid = {95F38CBF-C1D4-4CA2-AEE8-9FBD998B19A2}
	EndGlobalSection
EndGlobal
